
Microsoft Visual Studio Solution File, Format Version 12.00
# Visual Studio Version 16
VisualStudioVersion = 16.0.30717.126
MinimumVisualStudioVersion = 10.0.40219.1
Project("{9A19103F-16F7-4668-BE54-9A1E7A4F7556}") = "CasusBlok4", "CasusBlok4\CasusBlok4.csproj", "{2434299B-E9FA-4B46-BE30-CC7829E04667}"
EndProject
Project("{FAE04EC0-301F-11D3-BF4B-00C04F79EFBC}") = "CasusBlok4.Test", "CasusBlok4.Test\CasusBlok4.Test.csproj", "{12035E71-402F-4D6A-9C28-8E9750D02779}"
EndProject
Global
	GlobalSection(SolutionConfigurationPlatforms) = preSolution
		Debug|Any CPU = Debug|Any CPU
		Release|Any CPU = Release|Any CPU
	EndGlobalSection
	GlobalSection(ProjectConfigurationPlatforms) = postSolution
		{2434299B-E9FA-4B46-BE30-CC7829E04667}.Debug|Any CPU.ActiveCfg = Debug|Any CPU
		{2434299B-E9FA-4B46-BE30-CC7829E04667}.Debug|Any CPU.Build.0 = Debug|Any CPU
		{2434299B-E9FA-4B46-BE30-CC7829E04667}.Release|Any CPU.ActiveCfg = Release|Any CPU
		{2434299B-E9FA-4B46-BE30-CC7829E04667}.Release|Any CPU.Build.0 = Release|Any CPU
		{12035E71-402F-4D6A-9C28-8E9750D02779}.Debug|Any CPU.ActiveCfg = Debug|Any CPU
		{12035E71-402F-4D6A-9C28-8E9750D02779}.Debug|Any CPU.Build.0 = Debug|Any CPU
		{12035E71-402F-4D6A-9C28-8E9750D02779}.Release|Any CPU.ActiveCfg = Release|Any CPU
		{12035E71-402F-4D6A-9C28-8E9750D02779}.Release|Any CPU.Build.0 = Release|Any CPU
	EndGlobalSection
	GlobalSection(SolutionProperties) = preSolution
		HideSolutionNode = FALSE
	EndGlobalSection
	GlobalSection(ExtensibilityGlobals) = postSolution
		SolutionGuid = {54856E82-AFB0-41C8-B63D-312397F06F75}
	EndGlobalSection
EndGlobal
